{
  "object": {
    "pins": [
      {
        "package": "combine-schedulers",
        "repositoryURL": "https://github.com/pointfreeco/combine-schedulers",
        "state": {
          "branch": null,
          "revision": "0ba3a562716efabb585ccb169450c5389107286b",
          "version": "0.6.0"
        }
      },
      {
        "package": "FlexibleAttributedText",
        "repositoryURL": "https://github.com/wilmaplus/FlexibleAttributedText",
        "state": {
          "branch": null,
          "revision": "a3fc604830b0f257276d4db8c98f99866862892b",
          "version": "1.1.0"
        }
      },
      {
        "package": "NetworkImage",
        "repositoryURL": "https://github.com/gonzalezreal/NetworkImage",
        "state": {
          "branch": null,
          "revision": "c97f83e771c95186af80ef6118f158852a9e54be",
          "version": "4.0.1"
        }
      },
      {
        "package": "SnapshotTesting",
        "repositoryURL": "https://github.com/pointfreeco/swift-snapshot-testing",
        "state": {
          "branch": null,
          "revision": "f8a9c997c3c1dab4e216a8ec9014e23144cbab37",
          "version": "1.9.0"
        }
      },
      {
        "package": "SwiftCommonMark",
        "repositoryURL": "https://github.com/gonzalezreal/SwiftCommonMark",
        "state": {
          "branch": null,
          "revision": "ed252beaddecce28ea6363f800c773d6169011b8",
          "version": "1.0.0"
        }
      },
      {
        "package": "xctest-dynamic-overlay",
        "repositoryURL": "https://github.com/pointfreeco/xctest-dynamic-overlay",
        "state": {
          "branch": null,
          "revision": "ef8e14e7ce1c0c304c644c6ba365d06c468ded6b",
          "version": "0.3.3"
        }
      }
    ]
  },
  "version": 1
}
